<?xml version="1.0" encoding="utf-8"?>
<Project ToolsVersion="4.0" xmlns="http://schemas.microsoft.com/developer/msbuild/2003">
  <ItemGroup>
    <Filter Include="Source Files">
      <UniqueIdentifier>{4FC737F1-C7A5-4376-A066-2A32D752A2FF}</UniqueIdentifier>
      <Extensions>cpp;cxx;c;def</Extensions>
    </Filter>
    <Filter Include="Header Files">
      <UniqueIdentifier>{93995380-89BD-4b04-88EB-625FBE52EBFB}</UniqueIdentifier>
      <Extensions>h</Extensions>
    </Filter>
    <Filter Include="Form Files">
      <UniqueIdentifier>{99349809-55BA-4b9d-BF79-8FDBB0286EB3}</UniqueIdentifier>
      <Extensions>ui</Extensions>
    </Filter>
    <Filter Include="Resource Files">
      <UniqueIdentifier>{D9D6E242-F8AF-46E4-B9FD-80ECBC20BA3E}</UniqueIdentifier>
      <Extensions>qrc;*</Extensions>
      <ParseFiles>false</ParseFiles>
    </Filter>
    <Filter Include="Generated Files">
      <UniqueIdentifier>{71ED8ED8-ACB9-4CE9-BBE1-E00B30144E11}</UniqueIdentifier>
      <Extensions>moc;h;cpp</Extensions>
      <SourceControlFiles>False</SourceControlFiles>
    </Filter>
    <Filter Include="Generated Files\Debug">
      <UniqueIdentifier>{030835ce-ed00-4286-af13-afb7b36a0a3e}</UniqueIdentifier>
      <Extensions>cpp;moc</Extensions>
      <SourceControlFiles>False</SourceControlFiles>
    </Filter>
    <Filter Include="Generated Files\Release">
      <UniqueIdentifier>{12bca305-6194-4431-bf38-4b6bc307985f}</UniqueIdentifier>
      <Extensions>cpp;moc</Extensions>
      <SourceControlFiles>False</SourceControlFiles>
    </Filter>
    <Filter Include="RenderEngine">
      <UniqueIdentifier>{8bfbf64b-585e-4252-bc06-5fb18b751ecd}</UniqueIdentifier>
    </Filter>
    <Filter Include="Utilities">
      <UniqueIdentifier>{bac4313c-24cb-4ca8-b443-d21f30babb7c}</UniqueIdentifier>
    </Filter>
    <Filter Include="Shaders">
      <UniqueIdentifier>{1352dbe2-71e4-42a3-8ca7-e1ccccf486cd}</UniqueIdentifier>
    </Filter>
  </ItemGroup>
  <ItemGroup>
    <ClCompile Include="QAgentSimulation.cpp">
      <Filter>Source Files</Filter>
    </ClCompile>
    <ClCompile Include="Main.cpp">
      <Filter>Source Files</Filter>
    </ClCompile>
    <ClCompile Include="RenderEngine\UniformCamera.cpp">
      <Filter>RenderEngine</Filter>
    </ClCompile>
    <ClCompile Include="RenderEngine\UniformCameraConfig.cpp">
      <Filter>RenderEngine</Filter>
    </ClCompile>
    <ClCompile Include="RenderEngine\CityBuildingProgram.cpp">
      <Filter>RenderEngine</Filter>
    </ClCompile>
    <ClCompile Include="RenderEngine\ShaderManager.cpp">
      <Filter>RenderEngine</Filter>
    </ClCompile>
    <ClCompile Include="Utilities\IO.cpp">
      <Filter>Utilities</Filter>
    </ClCompile>
    <ClCompile Include="RenderEngine\RiverProgram.cpp">
      <Filter>RenderEngine</Filter>
    </ClCompile>
    <ClCompile Include="RenderEngine\ShelterProgram.cpp">
      <Filter>RenderEngine</Filter>
    </ClCompile>
    <ClCompile Include="RenderEngine\AgentProgram.cpp">
      <Filter>RenderEngine</Filter>
    </ClCompile>
    <ClCompile Include="Algorithm.cpp">
      <Filter>Source Files</Filter>
    </ClCompile>
    <ClCompile Include="QAgentSimulationWidget.cpp">
      <Filter>Source Files</Filter>
    </ClCompile>
    <ClCompile Include="RenderEngine\MainRoadProgram.cpp">
      <Filter>RenderEngine</Filter>
    </ClCompile>
    <ClCompile Include="RenderEngine\RoadProgram.cpp">
      <Filter>RenderEngine</Filter>
    </ClCompile>
    <ClCompile Include="Utilities\Tool.cpp">
      <Filter>Utilities</Filter>
    </ClCompile>
    <ClCompile Include="RenderEngine\SelectionRoadProgram.cpp">
      <Filter>RenderEngine</Filter>
    </ClCompile>
    <ClCompile Include="QDialogCreatRoad.cpp">
      <Filter>Source Files</Filter>
    </ClCompile>
    <ClCompile Include="CreateRoad.cpp">
      <Filter>Source Files</Filter>
    </ClCompile>
    <ClCompile Include="GeneratedFiles\Release\moc_QAgentSimulation.cpp">
      <Filter>Generated Files\Release</Filter>
    </ClCompile>
    <ClCompile Include="GeneratedFiles\Release\moc_QAgentSimulationWidget.cpp">
      <Filter>Generated Files\Release</Filter>
    </ClCompile>
    <ClCompile Include="GeneratedFiles\qrc_QAgentSimulation.cpp">
      <Filter>Generated Files</Filter>
    </ClCompile>
    <ClCompile Include="GeneratedFiles\Release\moc_QDialogCreatRoad.cpp">
      <Filter>Generated Files\Release</Filter>
    </ClCompile>
    <ClCompile Include="Simulation.cpp">
      <Filter>Source Files</Filter>
    </ClCompile>
    <ClCompile Include="GeneratedFiles\Release\moc_Simulation.cpp">
      <Filter>Generated Files\Release</Filter>
    </ClCompile>
    <ClCompile Include="QAgentEnergyVis.cpp">
      <Filter>Source Files</Filter>
    </ClCompile>
    <ClCompile Include="GeneratedFiles\Release\moc_QAgentEnergyVis.cpp">
      <Filter>Generated Files\Release</Filter>
    </ClCompile>
    <ClCompile Include="GeneratedFiles\Debug\moc_QAgentEnergyVis.cpp">
      <Filter>Generated Files\Debug</Filter>
    </ClCompile>
    <ClCompile Include="GeneratedFiles\Debug\moc_QAgentSimulation.cpp">
      <Filter>Generated Files\Debug</Filter>
    </ClCompile>
    <ClCompile Include="GeneratedFiles\Debug\moc_QAgentSimulationWidget.cpp">
      <Filter>Generated Files\Debug</Filter>
    </ClCompile>
    <ClCompile Include="GeneratedFiles\Debug\moc_QDialogCreatRoad.cpp">
      <Filter>Generated Files\Debug</Filter>
    </ClCompile>
    <ClCompile Include="GeneratedFiles\Debug\moc_Simulation.cpp">
      <Filter>Generated Files\Debug</Filter>
    </ClCompile>
  </ItemGroup>
  <ItemGroup>
    <CustomBuild Include="QAgentSimulation.h">
      <Filter>Header Files</Filter>
    </CustomBuild>
    <CustomBuild Include="QAgentSimulation.ui">
      <Filter>Form Files</Filter>
    </CustomBuild>
    <CustomBuild Include="QAgentSimulation.qrc">
      <Filter>Source Files</Filter>
    </CustomBuild>
    <CustomBuild Include="Algorithm.h">
      <Filter>Header Files</Filter>
    </CustomBuild>
    <CustomBuild Include="QAgentSimulationWidget.h">
      <Filter>Header Files</Filter>
    </CustomBuild>
    <CustomBuild Include="QDialogCreatRoad.h">
      <Filter>Header Files</Filter>
    </CustomBuild>
    <CustomBuild Include="Simulation.h">
      <Filter>Header Files</Filter>
    </CustomBuild>
    <CustomBuild Include="QAgentEnergyVis.h">
      <Filter>Header Files</Filter>
    </CustomBuild>
  </ItemGroup>
  <ItemGroup>
    <ClInclude Include="RenderEngine\UniformCamera.h">
      <Filter>RenderEngine</Filter>
    </ClInclude>
    <ClInclude Include="RenderEngine\UniformCameraConfig.h">
      <Filter>RenderEngine</Filter>
    </ClInclude>
    <ClInclude Include="RenderEngine\CityBuildingProgram.h">
      <Filter>RenderEngine</Filter>
    </ClInclude>
    <ClInclude Include="RenderEngine\ShaderManager.h">
      <Filter>RenderEngine</Filter>
    </ClInclude>
    <ClInclude Include="Utilities\IO.h">
      <Filter>Utilities</Filter>
    </ClInclude>
    <ClInclude Include="RenderEngine\RiverProgram.h">
      <Filter>RenderEngine</Filter>
    </ClInclude>
    <ClInclude Include="RenderEngine\ShelterProgram.h">
      <Filter>RenderEngine</Filter>
    </ClInclude>
    <ClInclude Include="RenderEngine\AgentProgram.h">
      <Filter>RenderEngine</Filter>
    </ClInclude>
    <ClInclude Include="RenderEngine\MainRoadProgram.h">
      <Filter>RenderEngine</Filter>
    </ClInclude>
    <ClInclude Include="RenderEngine\RoadProgram.h">
      <Filter>RenderEngine</Filter>
    </ClInclude>
    <ClInclude Include="Utilities\Tool.h">
      <Filter>Utilities</Filter>
    </ClInclude>
    <ClInclude Include="RenderEngine\SelectionRoadProgram.h">
      <Filter>RenderEngine</Filter>
    </ClInclude>
    <ClInclude Include="CreateRoad.h">
      <Filter>Header Files</Filter>
    </ClInclude>
    <ClInclude Include="GeneratedFiles\ui_QAgentSimulation.h">
      <Filter>Generated Files</Filter>
    </ClInclude>
  </ItemGroup>
  <ItemGroup>
    <None Include="Shaders\CityBuildingFS.glsl">
      <Filter>Shaders</Filter>
    </None>
    <None Include="Shaders\CityBuildingVS.glsl">
      <Filter>Shaders</Filter>
    </None>
    <None Include="Shaders\CityBuildingGS.glsl">
      <Filter>Shaders</Filter>
    </None>
    <None Include="Shaders\RiverFS.glsl">
      <Filter>Shaders</Filter>
    </None>
    <None Include="Shaders\RiverGS.glsl">
      <Filter>Shaders</Filter>
    </None>
    <None Include="Shaders\RiverVS.glsl">
      <Filter>Shaders</Filter>
    </None>
    <None Include="Shaders\ShelterFS.glsl">
      <Filter>Shaders</Filter>
    </None>
    <None Include="Shaders\ShelterGS.glsl">
      <Filter>Shaders</Filter>
    </None>
    <None Include="Shaders\ShelterVS.glsl">
      <Filter>Shaders</Filter>
    </None>
    <None Include="Shaders\AgentFS.glsl">
      <Filter>Shaders</Filter>
    </None>
    <None Include="Shaders\AgentVS.glsl">
      <Filter>Shaders</Filter>
    </None>
    <None Include="Shaders\MainRoadVS.glsl">
      <Filter>Shaders</Filter>
    </None>
    <None Include="Shaders\MainRoadFS.glsl">
      <Filter>Shaders</Filter>
    </None>
    <None Include="Shaders\RoadFS.glsl">
      <Filter>Shaders</Filter>
    </None>
    <None Include="Shaders\RoadVS.glsl">
      <Filter>Shaders</Filter>
    </None>
    <None Include="Shaders\SelectionRoadFS.glsl">
      <Filter>Shaders</Filter>
    </None>
    <None Include="Shaders\SelectionRoadVS.glsl">
      <Filter>Shaders</Filter>
    </None>
  </ItemGroup>
</Project>